// !$*UTF8*$!
{
	archiveVersion = 1;
	classes = {
	};
	objectVersion = 46;
	objects = {

/* Begin PBXBuildFile section */
		42106C601E4723430079A861 /* Assets.xcassets in Resources */ = {isa = PBXBuildFile; fileRef = 42106C5F1E4723430079A861 /* Assets.xcassets */; };
		42106CDB1E4811610079A861 /* AppDelegate.swift in Sources */ = {isa = PBXBuildFile; fileRef = 42106CD51E4811610079A861 /* AppDelegate.swift */; };
		42106CDC1E4811610079A861 /* LaunchScreen.storyboard in Resources */ = {isa = PBXBuildFile; fileRef = 42106CD61E4811610079A861 /* LaunchScreen.storyboard */; };
		42106CDD1E4811610079A861 /* Main.storyboard in Resources */ = {isa = PBXBuildFile; fileRef = 42106CD81E4811610079A861 /* Main.storyboard */; };
		42106CDE1E4811610079A861 /* ViewController.swift in Sources */ = {isa = PBXBuildFile; fileRef = 42106CDA1E4811610079A861 /* ViewController.swift */; };
		42106CEB1E4811680079A861 /* CLTNNClientNetworkNode.swift in Sources */ = {isa = PBXBuildFile; fileRef = 42106CE21E4811680079A861 /* CLTNNClientNetworkNode.swift */; };
		42106CEC1E4811680079A861 /* CLTNNNetworkNode.swift in Sources */ = {isa = PBXBuildFile; fileRef = 42106CE31E4811680079A861 /* CLTNNNetworkNode.swift */; };
		42106CED1E4811680079A861 /* CLTNNServerNetworkNode.swift in Sources */ = {isa = PBXBuildFile; fileRef = 42106CE41E4811680079A861 /* CLTNNServerNetworkNode.swift */; };
		42106CEE1E4811680079A861 /* CLTNNBluetoothClientService.swift in Sources */ = {isa = PBXBuildFile; fileRef = 42106CE61E4811680079A861 /* CLTNNBluetoothClientService.swift */; };
		42106CEF1E4811680079A861 /* CLTNNBluetoothServerService.swift in Sources */ = {isa = PBXBuildFile; fileRef = 42106CE71E4811680079A861 /* CLTNNBluetoothServerService.swift */; };
		42106CF01E4811680079A861 /* CLTNNReceiveDataReader.swift in Sources */ = {isa = PBXBuildFile; fileRef = 42106CE91E4811680079A861 /* CLTNNReceiveDataReader.swift */; };
		42106CF11E4811680079A861 /* CLTNNSendDataWriter.swift in Sources */ = {isa = PBXBuildFile; fileRef = 42106CEA1E4811680079A861 /* CLTNNSendDataWriter.swift */; };
/* End PBXBuildFile section */

/* Begin PBXCopyFilesBuildPhase section */
		42106C721E47237F0079A861 /* Embed Frameworks */ = {
			isa = PBXCopyFilesBuildPhase;
			buildActionMask = 2147483647;
			dstPath = "";
			dstSubfolderSpec = 10;
			files = (
			);
			name = "Embed Frameworks";
			runOnlyForDeploymentPostprocessing = 0;
		};
/* End PBXCopyFilesBuildPhase section */

/* Begin PBXFileReference section */
		42106C551E4723430079A861 /* DemoNN.app */ = {isa = PBXFileReference; explicitFileType = wrapper.application; includeInIndex = 0; path = DemoNN.app; sourceTree = BUILT_PRODUCTS_DIR; };
		42106C5F1E4723430079A861 /* Assets.xcassets */ = {isa = PBXFileReference; lastKnownFileType = folder.assetcatalog; path = Assets.xcassets; sourceTree = "<group>"; };
		42106C641E4723430079A861 /* Info.plist */ = {isa = PBXFileReference; lastKnownFileType = text.plist.xml; path = Info.plist; sourceTree = "<group>"; };
		42106CD51E4811610079A861 /* AppDelegate.swift */ = {isa = PBXFileReference; fileEncoding = 4; lastKnownFileType = sourcecode.swift; path = AppDelegate.swift; sourceTree = "<group>"; };
		42106CD71E4811610079A861 /* Base */ = {isa = PBXFileReference; lastKnownFileType = file.storyboard; name = Base; path = Base.lproj/LaunchScreen.storyboard; sourceTree = "<group>"; };
		42106CD91E4811610079A861 /* Base */ = {isa = PBXFileReference; lastKnownFileType = file.storyboard; name = Base; path = Base.lproj/Main.storyboard; sourceTree = "<group>"; };
		42106CDA1E4811610079A861 /* ViewController.swift */ = {isa = PBXFileReference; fileEncoding = 4; lastKnownFileType = sourcecode.swift; path = ViewController.swift; sourceTree = "<group>"; };
		42106CE01E4811680079A861 /* CLTNearNetworking.h */ = {isa = PBXFileReference; fileEncoding = 4; lastKnownFileType = sourcecode.c.h; path = CLTNearNetworking.h; sourceTree = "<group>"; };
		42106CE21E4811680079A861 /* CLTNNClientNetworkNode.swift */ = {isa = PBXFileReference; fileEncoding = 4; lastKnownFileType = sourcecode.swift; path = CLTNNClientNetworkNode.swift; sourceTree = "<group>"; };
		42106CE31E4811680079A861 /* CLTNNNetworkNode.swift */ = {isa = PBXFileReference; fileEncoding = 4; lastKnownFileType = sourcecode.swift; path = CLTNNNetworkNode.swift; sourceTree = "<group>"; };
		42106CE41E4811680079A861 /* CLTNNServerNetworkNode.swift */ = {isa = PBXFileReference; fileEncoding = 4; lastKnownFileType = sourcecode.swift; path = CLTNNServerNetworkNode.swift; sourceTree = "<group>"; };
		42106CE61E4811680079A861 /* CLTNNBluetoothClientService.swift */ = {isa = PBXFileReference; fileEncoding = 4; lastKnownFileType = sourcecode.swift; path = CLTNNBluetoothClientService.swift; sourceTree = "<group>"; };
		42106CE71E4811680079A861 /* CLTNNBluetoothServerService.swift */ = {isa = PBXFileReference; fileEncoding = 4; lastKnownFileType = sourcecode.swift; path = CLTNNBluetoothServerService.swift; sourceTree = "<group>"; };
		42106CE91E4811680079A861 /* CLTNNReceiveDataReader.swift */ = {isa = PBXFileReference; fileEncoding = 4; lastKnownFileType = sourcecode.swift; path = CLTNNReceiveDataReader.swift; sourceTree = "<group>"; };
		42106CEA1E4811680079A861 /* CLTNNSendDataWriter.swift */ = {isa = PBXFileReference; fileEncoding = 4; lastKnownFileType = sourcecode.swift; path = CLTNNSendDataWriter.swift; sourceTree = "<group>"; };
/* End PBXFileReference section */

/* Begin PBXFrameworksBuildPhase section */
		42106C521E4723430079A861 /* Frameworks */ = {
			isa = PBXFrameworksBuildPhase;
			buildActionMask = 2147483647;
			files = (
			);
			runOnlyForDeploymentPostprocessing = 0;
		};
/* End PBXFrameworksBuildPhase section */

/* Begin PBXGroup section */
		42106C4C1E4723430079A861 = {
			isa = PBXGroup;
			children = (
				42106C571E4723430079A861 /* DemoNN */,
				42106C6E1E4723720079A861 /* Frameworks */,
				42106C561E4723430079A861 /* Products */,
			);
			sourceTree = "<group>";
		};
		42106C561E4723430079A861 /* Products */ = {
			isa = PBXGroup;
			children = (
				42106C551E4723430079A861 /* DemoNN.app */,
			);
			name = Products;
			sourceTree = "<group>";
		};
		42106C571E4723430079A861 /* DemoNN */ = {
			isa = PBXGroup;
			children = (
				42106C5F1E4723430079A861 /* Assets.xcassets */,
				42106CDF1E4811680079A861 /* Classes */,
				42106C641E4723430079A861 /* Info.plist */,
				42106CD41E4811610079A861 /* public */,
			);
			path = DemoNN;
			sourceTree = "<group>";
		};
		42106C6E1E4723720079A861 /* Frameworks */ = {
			isa = PBXGroup;
			children = (
			);
			name = Frameworks;
			sourceTree = "<group>";
		};
		42106CD41E4811610079A861 /* public */ = {
			isa = PBXGroup;
			children = (
				42106CD51E4811610079A861 /* AppDelegate.swift */,
				42106CD61E4811610079A861 /* LaunchScreen.storyboard */,
				42106CD81E4811610079A861 /* Main.storyboard */,
				42106CDA1E4811610079A861 /* ViewController.swift */,
			);
			name = public;
			path = ../../public;
			sourceTree = "<group>";
		};
		42106CDF1E4811680079A861 /* Classes */ = {
			isa = PBXGroup;
			children = (
				42106CE01E4811680079A861 /* CLTNearNetworking.h */,
				42106CE11E4811680079A861 /* Nodes */,
				42106CE51E4811680079A861 /* Services */,
				42106CE81E4811680079A861 /* Utils */,
			);
			name = Classes;
			path = ../../../Classes;
			sourceTree = "<group>";
		};
		42106CE11E4811680079A861 /* Nodes */ = {
			isa = PBXGroup;
			children = (
				42106CE21E4811680079A861 /* CLTNNClientNetworkNode.swift */,
				42106CE31E4811680079A861 /* CLTNNNetworkNode.swift */,
				42106CE41E4811680079A861 /* CLTNNServerNetworkNode.swift */,
			);
			path = Nodes;
			sourceTree = "<group>";
		};
		42106CE51E4811680079A861 /* Services */ = {
			isa = PBXGroup;
			children = (
				42106CE61E4811680079A861 /* CLTNNBluetoothClientService.swift */,
				42106CE71E4811680079A861 /* CLTNNBluetoothServerService.swift */,
			);
			path = Services;
			sourceTree = "<group>";
		};
		42106CE81E4811680079A861 /* Utils */ = {
			isa = PBXGroup;
			children = (
				42106CE91E4811680079A861 /* CLTNNReceiveDataReader.swift */,
				42106CEA1E4811680079A861 /* CLTNNSendDataWriter.swift */,
			);
			path = Utils;
			sourceTree = "<group>";
		};
/* End PBXGroup section */

/* Begin PBXNativeTarget section */
		42106C541E4723430079A861 /* DemoNN */ = {
			isa = PBXNativeTarget;
			buildConfigurationList = 42106C671E4723430079A861 /* Build configuration list for PBXNativeTarget "DemoNN" */;
			buildPhases = (
				42106C511E4723430079A861 /* Sources */,
				42106C521E4723430079A861 /* Frameworks */,
				42106C531E4723430079A861 /* Resources */,
				42106C721E47237F0079A861 /* Embed Frameworks */,
			);
			buildRules = (
			);
			dependencies = (
			);
			name = DemoNN;
			productName = DemoNN;
			productReference = 42106C551E4723430079A861 /* DemoNN.app */;
			productType = "com.apple.product-type.application";
		};
/* End PBXNativeTarget section */

/* Begin PBXProject section */
		42106C4D1E4723430079A861 /* Project object */ = {
			isa = PBXProject;
			attributes = {
				LastSwiftUpdateCheck = 0820;
				LastUpgradeCheck = 0820;
				ORGANIZATIONNAME = Cc;
				TargetAttributes = {
					42106C541E4723430079A861 = {
						CreatedOnToolsVersion = 8.2.1;
						DevelopmentTeam = 8XTVQ9ED5H;
						ProvisioningStyle = Automatic;
					};
				};
			};
			buildConfigurationList = 42106C501E4723430079A861 /* Build configuration list for PBXProject "DemoNN" */;
			compatibilityVersion = "Xcode 3.2";
			developmentRegion = English;
			hasScannedForEncodings = 0;
			knownRegions = (
				en,
				Base,
			);
			mainGroup = 42106C4C1E4723430079A861;
			productRefGroup = 42106C561E4723430079A861 /* Products */;
			projectDirPath = "";
			projectRoot = "";
			targets = (
				42106C541E4723430079A861 /* DemoNN */,
			);
		};
/* End PBXProject section */

/* Begin PBXResourcesBuildPhase section */
		42106C531E4723430079A861 /* Resources */ = {
			isa = PBXResourcesBuildPhase;
			buildActionMask = 2147483647;
			files = (
				42106CDD1E4811610079A861 /* Main.storyboard in Resources */,
				42106C601E4723430079A861 /* Assets.xcassets in Resources */,
				42106CDC1E4811610079A861 /* LaunchScreen.storyboard in Resources */,
			);
			runOnlyForDeploymentPostprocessing = 0;
		};
/* End PBXResourcesBuildPhase section */

/* Begin PBXSourcesBuildPhase section */
		42106C511E4723430079A861 /* Sources */ = {
			isa = PBXSourcesBuildPhase;
			buildActionMask = 2147483647;
			files = (
				42106CEC1E4811680079A861 /* CLTNNNetworkNode.swift in Sources */,
				42106CEF1E4811680079A861 /* CLTNNBluetoothServerService.swift in Sources */,
				42106CEE1E4811680079A861 /* CLTNNBluetoothClientService.swift in Sources */,
				42106CDE1E4811610079A861 /* ViewController.swift in Sources */,
				42106CED1E4811680079A861 /* CLTNNServerNetworkNode.swift in Sources */,
				42106CF11E4811680079A861 /* CLTNNSendDataWriter.swift in Sources */,
				42106CEB1E4811680079A861 /* CLTNNClientNetworkNode.swift in Sources */,
				42106CF01E4811680079A861 /* CLTNNReceiveDataReader.swift in Sources */,
				42106CDB1E4811610079A861 /* AppDelegate.swift in Sources */,
			);
			runOnlyForDeploymentPostprocessing = 0;
		};
/* End PBXSourcesBuildPhase section */

/* Begin PBXVariantGroup section */
		42106CD61E4811610079A861 /* LaunchScreen.storyboard */ = {
			isa = PBXVariantGroup;
			children = (
				42106CD71E4811610079A861 /* Base */,
			);
			name = LaunchScreen.storyboard;
			sourceTree = "<group>";
		};
		42106CD81E4811610079A861 /* Main.storyboard */ = {
			isa = PBXVariantGroup;
			children = (
				42106CD91E4811610079A861 /* Base */,
			);
			name = Main.storyboard;
			sourceTree = "<group>";
		};
/* End PBXVariantGroup section */

/* Begin XCBuildConfiguration section */
		42106C651E4723430079A861 /* Debug */ = {
			isa = XCBuildConfiguration;
			buildSettings = {
				ALWAYS_SEARCH_USER_PATHS = NO;
				CLANG_ANALYZER_NONNULL = YES;
				CLANG_CXX_LANGUAGE_STANDARD = "gnu++0x";
				CLANG_CXX_LIBRARY = "libc++";
				CLANG_ENABLE_MODULES = YES;
				CLANG_ENABLE_OBJC_ARC = YES;
				CLANG_WARN_BOOL_CONVERSION = YES;
				CLANG_WARN_CONSTANT_CONVERSION = YES;
				CLANG_WARN_DIRECT_OBJC_ISA_USAGE = YES_ERROR;
				CLANG_WARN_DOCUMENTATION_COMMENTS = YES;
				CLANG_WARN_EMPTY_BODY = YES;
				CLANG_WARN_ENUM_CONVERSION = YES;
				CLANG_WARN_INFINITE_RECURSION = YES;
				CLANG_WARN_INT_CONVERSION = YES;
				CLANG_WARN_OBJC_ROOT_CLASS = YES_ERROR;
				CLANG_WARN_SUSPICIOUS_MOVE = YES;
				CLANG_WARN_UNREACHABLE_CODE = YES;
				CLANG_WARN__DUPLICATE_METHOD_MATCH = YES;
				"CODE_SIGN_IDENTITY[sdk=iphoneos*]" = "iPhone Developer";
				COPY_PHASE_STRIP = NO;
				DEBUG_INFORMATION_FORMAT = dwarf;
				ENABLE_STRICT_OBJC_MSGSEND = YES;
				ENABLE_TESTABILITY = YES;
				GCC_C_LANGUAGE_STANDARD = gnu99;
				GCC_DYNAMIC_NO_PIC = NO;
				GCC_NO_COMMON_BLOCKS = YES;
				GCC_OPTIMIZATION_LEVEL = 0;
				GCC_PREPROCESSOR_DEFINITIONS = (
					"DEBUG=1",
					"$(inherited)",
				);
				GCC_WARN_64_TO_32_BIT_CONVERSION = YES;
				GCC_WARN_ABOUT_RETURN_TYPE = YES_ERROR;
				GCC_WARN_UNDECLARED_SELECTOR = YES;
				GCC_WARN_UNINITIALIZED_AUTOS = YES_AGGRESSIVE;
				GCC_WARN_UNUSED_FUNCTION = YES;
				GCC_WARN_UNUSED_VARIABLE = YES;
				IPHONEOS_DEPLOYMENT_TARGET = 10.2;
				MTL_ENABLE_DEBUG_INFO = YES;
				ONLY_ACTIVE_ARCH = YES;
				SDKROOT = iphoneos;
				SWIFT_ACTIVE_COMPILATION_CONDITIONS = DEBUG;
				SWIFT_OPTIMIZATION_LEVEL = "-Onone";
			};
			name = Debug;
		};
		42106C661E4723430079A861 /* Release */ = {
			isa = XCBuildConfiguration;
			buildSettings = {
				ALWAYS_SEARCH_USER_PATHS = NO;
				CLANG_ANALYZER_NONNULL = YES;
				CLANG_CXX_LANGUAGE_STANDARD = "gnu++0x";
				CLANG_CXX_LIBRARY = "libc++";
				CLANG_ENABLE_MODULES = YES;
				CLANG_ENABLE_OBJC_ARC = YES;
				CLANG_WARN_BOOL_CONVERSION = YES;
				CLANG_WARN_CONSTANT_CONVERSION = YES;
				CLANG_WARN_DIRECT_OBJC_ISA_USAGE = YES_ERROR;
				CLANG_WARN_DOCUMENTATION_COMMENTS = YES;
				CLANG_WARN_EMPTY_BODY = YES;
				CLANG_WARN_ENUM_CONVERSION = YES;
				CLANG_WARN_INFINITE_RECURSION = YES;
				CLANG_WARN_INT_CONVERSION = YES;
				CLANG_WARN_OBJC_ROOT_CLASS = YES_ERROR;
				CLANG_WARN_SUSPICIOUS_MOVE = YES;
				CLANG_WARN_UNREACHABLE_CODE = YES;
				CLANG_WARN__DUPLICATE_METHOD_MATCH = YES;
				"CODE_SIGN_IDENTITY[sdk=iphoneos*]" = "iPhone Developer";
				COPY_PHASE_STRIP = NO;
				DEBUG_INFORMATION_FORMAT = "dwarf-with-dsym";
				ENABLE_NS_ASSERTIONS = NO;
				ENABLE_STRICT_OBJC_MSGSEND = YES;
				GCC_C_LANGUAGE_STANDARD = gnu99;
				GCC_NO_COMMON_BLOCKS = YES;
				GCC_WARN_64_TO_32_BIT_CONVERSION = YES;
				GCC_WARN_ABOUT_RETURN_TYPE = YES_ERROR;
				GCC_WARN_UNDECLARED_SELECTOR = YES;
				GCC_WARN_UNINITIALIZED_AUTOS = YES_AGGRESSIVE;
				GCC_WARN_UNUSED_FUNCTION = YES;
				GCC_WARN_UNUSED_VARIABLE = YES;
				IPHONEOS_DEPLOYMENT_TARGET = 10.2;
				MTL_ENABLE_DEBUG_INFO = NO;
				SDKROOT = iphoneos;
				SWIFT_OPTIMIZATION_LEVEL = "-Owholemodule";
				VALIDATE_PRODUCT = YES;
			};
			name = Release;
		};
		42106C681E4723430079A861 /* Debug */ = {
			isa = XCBuildConfiguration;
			buildSettings = {
				ASSETCATALOG_COMPILER_APPICON_NAME = AppIcon;
				DEVELOPMENT_TEAM = 8XTVQ9ED5H;
				INFOPLIST_FILE = DemoNN/Info.plist;
				LD_RUNPATH_SEARCH_PATHS = "$(inherited) @executable_path/Frameworks";
				PRODUCT_BUNDLE_IDENTIFIER = com.pinguo.DemoNN;
				PRODUCT_NAME = "$(TARGET_NAME)";
				SWIFT_VERSION = 3.0;
			};
			name = Debug;
		};
		42106C691E4723430079A861 /* Release */ = {
			isa = XCBuildConfiguration;
			buildSettings = {
				ASSETCATALOG_COMPILER_APPICON_NAME = AppIcon;
				DEVELOPMENT_TEAM = 8XTVQ9ED5H;
				INFOPLIST_FILE = DemoNN/Info.plist;
				LD_RUNPATH_SEARCH_PATHS = "$(inherited) @executable_path/Frameworks";
				PRODUCT_BUNDLE_IDENTIFIER = com.pinguo.DemoNN;
				PRODUCT_NAME = "$(TARGET_NAME)";
				SWIFT_VERSION = 3.0;
			};
			name = Release;
		};
/* End XCBuildConfiguration section */

/* Begin XCConfigurationList section */
		42106C501E4723430079A861 /* Build configuration list for PBXProject "DemoNN" */ = {
			isa = XCConfigurationList;
			buildConfigurations = (
				42106C651E4723430079A861 /* Debug */,
				42106C661E4723430079A861 /* Release */,
			);
			defaultConfigurationIsVisible = 0;
			defaultConfigurationName = Release;
		};
		42106C671E4723430079A861 /* Build configuration list for PBXNativeTarget "DemoNN" */ = {
			isa = XCConfigurationList;
			buildConfigurations = (
				42106C681E4723430079A861 /* Debug */,
				42106C691E4723430079A861 /* Release */,
			);
			defaultConfigurationIsVisible = 0;
			defaultConfigurationName = Release;
		};
/* End XCConfigurationList section */
	};
	rootObject = 42106C4D1E4723430079A861 /* Project object */;
}
